# This file is autogenerated, do not edit; changes may be undone by the next 'dep ensure'.


[[projects]]
  digest = "1:28f4d9f15eb10a3acfe91cc17ad36040f05cab3ab5f9ecd2bae94d6219112044"
  name = "github.com/apodemakeles/ugo"
  packages = ["time"]
  pruneopts = "UT"
  revision = "29d7613714aa66c4105faadade545f3c7c526370"
  version = "v0.3.0"

[solve-meta]
  analyzer-name = "dep"
  analyzer-version = 1
  input-imports = ["github.com/apodemakeles/ugo/time"]
  solver-name = "gps-cdcl"
  solver-version = 1
